
Microsoft Visual Studio Solution File, Format Version 11.00
# Visual Studio 2010
Project("{FAE04EC0-301F-11D3-BF4B-00C04F79EFBC}") = "QuickCheck", "QuickCheck\QuickCheck.csproj", "{1CE66297-DC1A-4CE3-9C08-F56B962C0CC3}"
EndProject
Project("{FAE04EC0-301F-11D3-BF4B-00C04F79EFBC}") = "QuickCheck.Examples", "QuickCheck.Examples\QuickCheck.Examples.csproj", "{E986BB5C-6A47-4C77-BA92-FABDA920D0C6}"
EndProject
Project("{FAE04EC0-301F-11D3-BF4B-00C04F79EFBC}") = "QuickCheck.NUnit", "QuickCheck.NUnit\QuickCheck.NUnit.csproj", "{3527DEBC-A343-4B70-B44E-4D2F7BF8E489}"
EndProject
Global
	GlobalSection(SolutionConfigurationPlatforms) = preSolution
		Debug|Any CPU = Debug|Any CPU
		Release|Any CPU = Release|Any CPU
	EndGlobalSection
	GlobalSection(ProjectConfigurationPlatforms) = postSolution
		{1CE66297-DC1A-4CE3-9C08-F56B962C0CC3}.Debug|Any CPU.ActiveCfg = Debug|Any CPU
		{1CE66297-DC1A-4CE3-9C08-F56B962C0CC3}.Debug|Any CPU.Build.0 = Debug|Any CPU
		{1CE66297-DC1A-4CE3-9C08-F56B962C0CC3}.Release|Any CPU.ActiveCfg = Release|Any CPU
		{1CE66297-DC1A-4CE3-9C08-F56B962C0CC3}.Release|Any CPU.Build.0 = Release|Any CPU
		{E986BB5C-6A47-4C77-BA92-FABDA920D0C6}.Debug|Any CPU.ActiveCfg = Debug|Any CPU
		{E986BB5C-6A47-4C77-BA92-FABDA920D0C6}.Debug|Any CPU.Build.0 = Debug|Any CPU
		{E986BB5C-6A47-4C77-BA92-FABDA920D0C6}.Release|Any CPU.ActiveCfg = Release|Any CPU
		{E986BB5C-6A47-4C77-BA92-FABDA920D0C6}.Release|Any CPU.Build.0 = Release|Any CPU
		{3527DEBC-A343-4B70-B44E-4D2F7BF8E489}.Debug|Any CPU.ActiveCfg = Debug|Any CPU
		{3527DEBC-A343-4B70-B44E-4D2F7BF8E489}.Debug|Any CPU.Build.0 = Debug|Any CPU
		{3527DEBC-A343-4B70-B44E-4D2F7BF8E489}.Release|Any CPU.ActiveCfg = Release|Any CPU
		{3527DEBC-A343-4B70-B44E-4D2F7BF8E489}.Release|Any CPU.Build.0 = Release|Any CPU
	EndGlobalSection
	GlobalSection(SolutionProperties) = preSolution
		HideSolutionNode = FALSE
	EndGlobalSection
EndGlobal
